
Microsoft Visual Studio Solution File, Format Version 12.00
# Visual Studio 14
VisualStudioVersion = 14.0.25420.1
MinimumVisualStudioVersion = 10.0.40219.1
Project("{FAE04EC0-301F-11D3-BF4B-00C04F79EFBC}") = "BaseKeywordAndClasses", "BaseKeywordAndClasses\BaseKeywordAndClasses.csproj", "{43438DFA-A681-460E-9B4D-4ED71CC8C96D}"
EndProject
Global
	GlobalSection(SolutionConfigurationPlatforms) = preSolution
		Debug|Any CPU = Debug|Any CPU
		Release|Any CPU = Release|Any CPU
	EndGlobalSection
	GlobalSection(ProjectConfigurationPlatforms) = postSolution
		{43438DFA-A681-460E-9B4D-4ED71CC8C96D}.Debug|Any CPU.ActiveCfg = Debug|Any CPU
		{43438DFA-A681-460E-9B4D-4ED71CC8C96D}.Debug|Any CPU.Build.0 = Debug|Any CPU
		{43438DFA-A681-460E-9B4D-4ED71CC8C96D}.Release|Any CPU.ActiveCfg = Release|Any CPU
		{43438DFA-A681-460E-9B4D-4ED71CC8C96D}.Release|Any CPU.Build.0 = Release|Any CPU
	EndGlobalSection
	GlobalSection(SolutionProperties) = preSolution
		HideSolutionNode = FALSE
	EndGlobalSection
EndGlobal
