
Microsoft Visual Studio Solution File, Format Version 12.00
# Visual Studio 15
VisualStudioVersion = 15.0.28010.2048
MinimumVisualStudioVersion = 10.0.40219.1
Project("{FAE04EC0-301F-11D3-BF4B-00C04F79EFBC}") = "SalesOrder", "SalesOrder\SalesOrder.csproj", "{EB181927-527D-4480-A048-41F7474DF546}"
EndProject
Global
	GlobalSection(SolutionConfigurationPlatforms) = preSolution
		Debug|Any CPU = Debug|Any CPU
		Release|Any CPU = Release|Any CPU
	EndGlobalSection
	GlobalSection(ProjectConfigurationPlatforms) = postSolution
		{EB181927-527D-4480-A048-41F7474DF546}.Debug|Any CPU.ActiveCfg = Debug|Any CPU
		{EB181927-527D-4480-A048-41F7474DF546}.Debug|Any CPU.Build.0 = Debug|Any CPU
		{EB181927-527D-4480-A048-41F7474DF546}.Release|Any CPU.ActiveCfg = Release|Any CPU
		{EB181927-527D-4480-A048-41F7474DF546}.Release|Any CPU.Build.0 = Release|Any CPU
	EndGlobalSection
	GlobalSection(SolutionProperties) = preSolution
		HideSolutionNode = FALSE
	EndGlobalSection
	GlobalSection(ExtensibilityGlobals) = postSolution
		SolutionGuid = {EFC439D6-DE64-4FA5-9363-8A9DBC699BB2}
	EndGlobalSection
EndGlobal
